
Microsoft Visual Studio Solution File, Format Version 12.00
Project("{FAE04EC0-301F-11D3-BF4B-00C04F79EFBC}") = "DeepIndex.Core", "DeepIndex.Core\DeepIndex.Core.csproj", "{3CD1F329-6B83-4DEF-9DB9-9E487ED37F66}"
EndProject
Project("{FAE04EC0-301F-11D3-BF4B-00C04F79EFBC}") = "DeepIndex.Core.Entities", "DeepIndex.Core.Entities\DeepIndex.Core.Entities.csproj", "{CE1D718C-A335-4C50-855D-FB2B03BA400B}"
EndProject
Project("{FAE04EC0-301F-11D3-BF4B-00C04F79EFBC}") = "DeepIndex.Hoster.Crawler", "DeepIndex.Hoster.Crawler\DeepIndex.Hoster.Crawler.csproj", "{89587D60-F355-4BCA-A8E1-8B46F12B8DB0}"
EndProject
Project("{FAE04EC0-301F-11D3-BF4B-00C04F79EFBC}") = "DeepIndex.Infrastructure.Sqlite", "DeepIndex.Infrastructure.Sqlite\DeepIndex.Infrastructure.Sqlite.csproj", "{3D51BB34-5ED2-407B-BA37-90707C2B2430}"
EndProject
Project("{FAE04EC0-301F-11D3-BF4B-00C04F79EFBC}") = "DeepIndex.Ui.Cli", "DeepIndex.Ui.Cli\DeepIndex.Ui.Cli.csproj", "{1507BFC4-3252-4172-8FAA-C2904A3EC544}"
EndProject
Project("{2150E333-8FDC-42A3-9474-1A3956D46DE8}") = "Core", "Core", "{054922C2-32BD-47A0-9C37-B93F1800BAA5}"
EndProject
Project("{2150E333-8FDC-42A3-9474-1A3956D46DE8}") = "Infrastructure", "Infrastructure", "{BFDC1AB1-5B4A-4172-98F7-C2DBBAF3206A}"
EndProject
Project("{2150E333-8FDC-42A3-9474-1A3956D46DE8}") = "Ui", "Ui", "{C2D56D07-50FF-4388-BE81-50B1CC219F12}"
EndProject
Project("{2150E333-8FDC-42A3-9474-1A3956D46DE8}") = "Host", "Host", "{1EE1B88C-9BB1-4D1E-A945-E4EC46BB7875}"
EndProject
Project("{FAE04EC0-301F-11D3-BF4B-00C04F79EFBC}") = "DeepIndex.Hoster.Indexer", "DeepIndex.Hoster.Indexer\DeepIndex.Hoster.Indexer.csproj", "{EC043666-1268-43D9-8715-72A0630D90EC}"
EndProject
Project("{FAE04EC0-301F-11D3-BF4B-00C04F79EFBC}") = "DeepIndex.Hoster.LoadBalancer", "DeepIndex.Hoster.LoadBalancer\DeepIndex.Hoster.LoadBalancer.csproj", "{E20E0801-D72F-473A-A937-3BFD631C5A18}"
EndProject
Global
	GlobalSection(SolutionConfigurationPlatforms) = preSolution
		Debug|Any CPU = Debug|Any CPU
		Release|Any CPU = Release|Any CPU
	EndGlobalSection
	GlobalSection(ProjectConfigurationPlatforms) = postSolution
		{3CD1F329-6B83-4DEF-9DB9-9E487ED37F66}.Debug|Any CPU.ActiveCfg = Debug|Any CPU
		{3CD1F329-6B83-4DEF-9DB9-9E487ED37F66}.Debug|Any CPU.Build.0 = Debug|Any CPU
		{3CD1F329-6B83-4DEF-9DB9-9E487ED37F66}.Release|Any CPU.ActiveCfg = Release|Any CPU
		{3CD1F329-6B83-4DEF-9DB9-9E487ED37F66}.Release|Any CPU.Build.0 = Release|Any CPU
		{CE1D718C-A335-4C50-855D-FB2B03BA400B}.Debug|Any CPU.ActiveCfg = Debug|Any CPU
		{CE1D718C-A335-4C50-855D-FB2B03BA400B}.Debug|Any CPU.Build.0 = Debug|Any CPU
		{CE1D718C-A335-4C50-855D-FB2B03BA400B}.Release|Any CPU.ActiveCfg = Release|Any CPU
		{CE1D718C-A335-4C50-855D-FB2B03BA400B}.Release|Any CPU.Build.0 = Release|Any CPU
		{89587D60-F355-4BCA-A8E1-8B46F12B8DB0}.Debug|Any CPU.ActiveCfg = Debug|Any CPU
		{89587D60-F355-4BCA-A8E1-8B46F12B8DB0}.Debug|Any CPU.Build.0 = Debug|Any CPU
		{89587D60-F355-4BCA-A8E1-8B46F12B8DB0}.Release|Any CPU.ActiveCfg = Release|Any CPU
		{89587D60-F355-4BCA-A8E1-8B46F12B8DB0}.Release|Any CPU.Build.0 = Release|Any CPU
		{3D51BB34-5ED2-407B-BA37-90707C2B2430}.Debug|Any CPU.ActiveCfg = Debug|Any CPU
		{3D51BB34-5ED2-407B-BA37-90707C2B2430}.Debug|Any CPU.Build.0 = Debug|Any CPU
		{3D51BB34-5ED2-407B-BA37-90707C2B2430}.Release|Any CPU.ActiveCfg = Release|Any CPU
		{3D51BB34-5ED2-407B-BA37-90707C2B2430}.Release|Any CPU.Build.0 = Release|Any CPU
		{1507BFC4-3252-4172-8FAA-C2904A3EC544}.Debug|Any CPU.ActiveCfg = Debug|Any CPU
		{1507BFC4-3252-4172-8FAA-C2904A3EC544}.Debug|Any CPU.Build.0 = Debug|Any CPU
		{1507BFC4-3252-4172-8FAA-C2904A3EC544}.Release|Any CPU.ActiveCfg = Release|Any CPU
		{1507BFC4-3252-4172-8FAA-C2904A3EC544}.Release|Any CPU.Build.0 = Release|Any CPU
		{EC043666-1268-43D9-8715-72A0630D90EC}.Debug|Any CPU.ActiveCfg = Debug|Any CPU
		{EC043666-1268-43D9-8715-72A0630D90EC}.Debug|Any CPU.Build.0 = Debug|Any CPU
		{EC043666-1268-43D9-8715-72A0630D90EC}.Release|Any CPU.ActiveCfg = Release|Any CPU
		{EC043666-1268-43D9-8715-72A0630D90EC}.Release|Any CPU.Build.0 = Release|Any CPU
		{E20E0801-D72F-473A-A937-3BFD631C5A18}.Debug|Any CPU.ActiveCfg = Debug|Any CPU
		{E20E0801-D72F-473A-A937-3BFD631C5A18}.Debug|Any CPU.Build.0 = Debug|Any CPU
		{E20E0801-D72F-473A-A937-3BFD631C5A18}.Release|Any CPU.ActiveCfg = Release|Any CPU
		{E20E0801-D72F-473A-A937-3BFD631C5A18}.Release|Any CPU.Build.0 = Release|Any CPU
	EndGlobalSection
	GlobalSection(NestedProjects) = preSolution
		{3CD1F329-6B83-4DEF-9DB9-9E487ED37F66} = {054922C2-32BD-47A0-9C37-B93F1800BAA5}
		{CE1D718C-A335-4C50-855D-FB2B03BA400B} = {054922C2-32BD-47A0-9C37-B93F1800BAA5}
		{3D51BB34-5ED2-407B-BA37-90707C2B2430} = {BFDC1AB1-5B4A-4172-98F7-C2DBBAF3206A}
		{1507BFC4-3252-4172-8FAA-C2904A3EC544} = {C2D56D07-50FF-4388-BE81-50B1CC219F12}
		{89587D60-F355-4BCA-A8E1-8B46F12B8DB0} = {1EE1B88C-9BB1-4D1E-A945-E4EC46BB7875}
		{EC043666-1268-43D9-8715-72A0630D90EC} = {1EE1B88C-9BB1-4D1E-A945-E4EC46BB7875}
		{E20E0801-D72F-473A-A937-3BFD631C5A18} = {1EE1B88C-9BB1-4D1E-A945-E4EC46BB7875}
	EndGlobalSection
EndGlobal
